{
    "version": 3,
    "terraform_version": "0.11.10",
    "serial": 2,
    "lineage": "081eb871-17bb-f134-e153-b9926a350f7d",
    "modules": [
        {
            "path": [
                "root"
            ],
            "outputs": {},
            "resources": {
                "azurerm_app_service.default": {
                    "type": "azurerm_app_service",
                    "depends_on": [
                        "azurerm_app_service_plan.default",
                        "azurerm_resource_group.default"
                    ],
                    "primary": {
                        "id": "/subscriptions/66391ae6-a4d7-4401-a643-245509f5c337/resourceGroups/rg_beta/providers/Microsoft.Web/sites/tfex-appservice-beta",
                        "attributes": {
                            "app_service_plan_id": "/subscriptions/66391ae6-a4d7-4401-a643-245509f5c337/resourceGroups/rg_beta/providers/Microsoft.Web/serverfarms/tfex-appservice-beta-plan",
                            "app_settings.%": "1",
                            "app_settings.WEBSITE_NODE_DEFAULT_VERSION": "6.9.1",
                            "client_affinity_enabled": "true",
                            "connection_string.#": "0",
                            "default_site_hostname": "tfex-appservice-beta.azurewebsites.net",
                            "enabled": "true",
                            "https_only": "false",
                            "id": "/subscriptions/66391ae6-a4d7-4401-a643-245509f5c337/resourceGroups/rg_beta/providers/Microsoft.Web/sites/tfex-appservice-beta",
                            "identity.#": "0",
                            "location": "canadacentral",
                            "name": "tfex-appservice-beta",
                            "outbound_ip_addresses": "40.85.212.173,40.85.220.81,40.85.214.233,40.85.214.146,40.85.210.246",
                            "possible_outbound_ip_addresses": "40.85.212.173,40.85.220.81,40.85.214.233,40.85.214.146,40.85.210.246,40.85.247.103,40.85.214.91,40.85.212.93",
                            "resource_group_name": "rg_beta",
                            "site_config.#": "1",
                            "site_config.0.always_on": "false",
                            "site_config.0.app_command_line": "",
                            "site_config.0.default_documents.#": "0",
                            "site_config.0.dotnet_framework_version": "v4.0",
                            "site_config.0.ftps_state": "AllAllowed",
                            "site_config.0.http2_enabled": "false",
                            "site_config.0.ip_restriction.#": "0",
                            "site_config.0.java_container": "",
                            "site_config.0.java_container_version": "",
                            "site_config.0.java_version": "",
                            "site_config.0.linux_fx_version": "",
                            "site_config.0.local_mysql_enabled": "false",
                            "site_config.0.managed_pipeline_mode": "Integrated",
                            "site_config.0.min_tls_version": "1.2",
                            "site_config.0.php_version": "",
                            "site_config.0.python_version": "",
                            "site_config.0.remote_debugging_enabled": "true",
                            "site_config.0.remote_debugging_version": "VS2015",
                            "site_config.0.scm_type": "None",
                            "site_config.0.use_32_bit_worker_process": "false",
                            "site_config.0.virtual_network_name": "",
                            "site_config.0.websockets_enabled": "false",
                            "site_credential.#": "1",
                            "site_credential.0.password": "lM2zqAxPNSB0QaXffNEgY8oLmG6s0fkQ9virh78Bs5oLwAwP3F1Dyo3umoXj",
                            "site_credential.0.username": "$tfex-appservice-beta",
                            "source_control.#": "1",
                            "source_control.0.branch": "master",
                            "source_control.0.repo_url": "",
                            "tags.%": "0"
                        },
                        "meta": {},
                        "tainted": false
                    },
                    "deposed": [],
                    "provider": "provider.azurerm"
                },
                "azurerm_app_service_plan.default": {
                    "type": "azurerm_app_service_plan",
                    "depends_on": [
                        "azurerm_resource_group.default"
                    ],
                    "primary": {
                        "id": "/subscriptions/66391ae6-a4d7-4401-a643-245509f5c337/resourceGroups/rg_beta/providers/Microsoft.Web/serverfarms/tfex-appservice-beta-plan",
                        "attributes": {
                            "id": "/subscriptions/66391ae6-a4d7-4401-a643-245509f5c337/resourceGroups/rg_beta/providers/Microsoft.Web/serverfarms/tfex-appservice-beta-plan",
                            "kind": "Windows",
                            "location": "canadacentral",
                            "maximum_number_of_workers": "3",
                            "name": "tfex-appservice-beta-plan",
                            "per_site_scaling": "false",
                            "properties.#": "1",
                            "properties.0.app_service_environment_id": "",
                            "properties.0.per_site_scaling": "false",
                            "properties.0.reserved": "false",
                            "reserved": "false",
                            "resource_group_name": "rg_beta",
                            "sku.#": "1",
                            "sku.0.capacity": "1",
                            "sku.0.size": "B1",
                            "sku.0.tier": "Basic",
                            "tags.%": "0"
                        },
                        "meta": {},
                        "tainted": false
                    },
                    "deposed": [],
                    "provider": "provider.azurerm"
                },
                "azurerm_resource_group.default": {
                    "type": "azurerm_resource_group",
                    "depends_on": [],
                    "primary": {
                        "id": "/subscriptions/66391ae6-a4d7-4401-a643-245509f5c337/resourceGroups/rg_beta",
                        "attributes": {
                            "id": "/subscriptions/66391ae6-a4d7-4401-a643-245509f5c337/resourceGroups/rg_beta",
                            "location": "canadacentral",
                            "name": "rg_beta",
                            "tags.%": "0"
                        },
                        "meta": {},
                        "tainted": false
                    },
                    "deposed": [],
                    "provider": "provider.azurerm"
                }
            },
            "depends_on": []
        }
    ]
}
